
Microsoft Visual Studio Solution File, Format Version 12.00
# Visual Studio 15
VisualStudioVersion = 15.0.28010.2036
MinimumVisualStudioVersion = 10.0.40219.1
Project("{FAE04EC0-301F-11D3-BF4B-00C04F79EFBC}") = "Cake.Squirrel", "Cake.Squirrel\Cake.Squirrel.csproj", "{A6EEBD31-93F0-4F23-BB14-6386FE945D95}"
EndProject
Project("{FAE04EC0-301F-11D3-BF4B-00C04F79EFBC}") = "Cake.Squirrel.Tests", "Cake.Squirrel.Tests\Cake.Squirrel.Tests.csproj", "{4E611C92-9587-425D-9628-94F8EE47C027}"
EndProject
Global
	GlobalSection(SolutionConfigurationPlatforms) = preSolution
		Debug|Any CPU = Debug|Any CPU
		Release|Any CPU = Release|Any CPU
	EndGlobalSection
	GlobalSection(ProjectConfigurationPlatforms) = postSolution
		{A6EEBD31-93F0-4F23-BB14-6386FE945D95}.Debug|Any CPU.ActiveCfg = Debug|Any CPU
		{A6EEBD31-93F0-4F23-BB14-6386FE945D95}.Debug|Any CPU.Build.0 = Debug|Any CPU
		{A6EEBD31-93F0-4F23-BB14-6386FE945D95}.Release|Any CPU.ActiveCfg = Release|Any CPU
		{A6EEBD31-93F0-4F23-BB14-6386FE945D95}.Release|Any CPU.Build.0 = Release|Any CPU
		{4E611C92-9587-425D-9628-94F8EE47C027}.Debug|Any CPU.ActiveCfg = Debug|Any CPU
		{4E611C92-9587-425D-9628-94F8EE47C027}.Debug|Any CPU.Build.0 = Debug|Any CPU
		{4E611C92-9587-425D-9628-94F8EE47C027}.Release|Any CPU.ActiveCfg = Release|Any CPU
		{4E611C92-9587-425D-9628-94F8EE47C027}.Release|Any CPU.Build.0 = Release|Any CPU
	EndGlobalSection
	GlobalSection(SolutionProperties) = preSolution
		HideSolutionNode = FALSE
	EndGlobalSection
	GlobalSection(ExtensibilityGlobals) = postSolution
		SolutionGuid = {E7F88D57-C60D-4255-8C03-0D4717506DAC}
	EndGlobalSection
EndGlobal
